
Microsoft Visual Studio Solution File, Format Version 12.00
Project("{FAE04EC0-301F-11D3-BF4B-00C04F79EFBC}") = "Injecterize", "Injecterize\Injecterize.csproj", "{DE3C358E-4DE9-4A8E-8057-9D516AC91A87}"
EndProject
Project("{FAE04EC0-301F-11D3-BF4B-00C04F79EFBC}") = "InjecterizeTests", "InjecterizeTests\InjecterizeTests.csproj", "{A8206B9D-7896-493F-B573-E7E80C2838E4}"
EndProject
Project("{2150E333-8FDC-42A3-9474-1A3956D46DE8}") = "SolutionFolder", "SolutionFolder", "{035308B7-30D5-4C81-9F68-2EF892E32CFC}"
ProjectSection(SolutionItems) = preProject
	readme.md = readme.md
EndProjectSection
EndProject
Global
	GlobalSection(SolutionConfigurationPlatforms) = preSolution
		Debug|Any CPU = Debug|Any CPU
		Release|Any CPU = Release|Any CPU
	EndGlobalSection
	GlobalSection(ProjectConfigurationPlatforms) = postSolution
		{DE3C358E-4DE9-4A8E-8057-9D516AC91A87}.Debug|Any CPU.ActiveCfg = Debug|Any CPU
		{DE3C358E-4DE9-4A8E-8057-9D516AC91A87}.Debug|Any CPU.Build.0 = Debug|Any CPU
		{DE3C358E-4DE9-4A8E-8057-9D516AC91A87}.Release|Any CPU.ActiveCfg = Release|Any CPU
		{DE3C358E-4DE9-4A8E-8057-9D516AC91A87}.Release|Any CPU.Build.0 = Release|Any CPU
		{A8206B9D-7896-493F-B573-E7E80C2838E4}.Debug|Any CPU.ActiveCfg = Debug|Any CPU
		{A8206B9D-7896-493F-B573-E7E80C2838E4}.Debug|Any CPU.Build.0 = Debug|Any CPU
		{A8206B9D-7896-493F-B573-E7E80C2838E4}.Release|Any CPU.ActiveCfg = Release|Any CPU
		{A8206B9D-7896-493F-B573-E7E80C2838E4}.Release|Any CPU.Build.0 = Release|Any CPU
	EndGlobalSection
EndGlobal
